// !$*UTF8*$!
{
	archiveVersion = 1;
	classes = {
	};
	objectVersion = 51;
	objects = {

/* Begin PBXBuildFile section */
		B915285B77AC422EE39CEE9F /* Pods_Reqres_App.framework in Frameworks */ = {isa = PBXBuildFile; fileRef = 9DEB1B30F08CB9D821524629 /* Pods_Reqres_App.framework */; };
		F416D74226C900FA00BDD354 /* AppDelegate.swift in Sources */ = {isa = PBXBuildFile; fileRef = F416D74126C900FA00BDD354 /* AppDelegate.swift */; };
		F416D74426C900FA00BDD354 /* SceneDelegate.swift in Sources */ = {isa = PBXBuildFile; fileRef = F416D74326C900FA00BDD354 /* SceneDelegate.swift */; };
		F416D74926C900FA00BDD354 /* Main.storyboard in Resources */ = {isa = PBXBuildFile; fileRef = F416D74726C900FA00BDD354 /* Main.storyboard */; };
		F416D74B26C900FB00BDD354 /* Assets.xcassets in Resources */ = {isa = PBXBuildFile; fileRef = F416D74A26C900FB00BDD354 /* Assets.xcassets */; };
		F416D74E26C900FB00BDD354 /* LaunchScreen.storyboard in Resources */ = {isa = PBXBuildFile; fileRef = F416D74C26C900FB00BDD354 /* LaunchScreen.storyboard */; };
		F42A2E5A27AE729300064052 /* WelcomeTableViewController.swift in Sources */ = {isa = PBXBuildFile; fileRef = F42A2E5927AE729300064052 /* WelcomeTableViewController.swift */; };
		F42D1B9126D0F1F400B01019 /* AppToast.swift in Sources */ = {isa = PBXBuildFile; fileRef = F42D1B9026D0F1F400B01019 /* AppToast.swift */; };
		F42D1B9326D0FF4900B01019 /* CreateAccountController.swift in Sources */ = {isa = PBXBuildFile; fileRef = F42D1B9226D0FF4900B01019 /* CreateAccountController.swift */; };
		F42D1B9726D1083000B01019 /* UserInfoController.swift in Sources */ = {isa = PBXBuildFile; fileRef = F42D1B9626D1083000B01019 /* UserInfoController.swift */; };
		F438BE7E26D14E77001F76F1 /* UserListItemCell.swift in Sources */ = {isa = PBXBuildFile; fileRef = F438BE7D26D14E77001F76F1 /* UserListItemCell.swift */; };
		F438BE8426D14F31001F76F1 /* Helper.swift in Sources */ = {isa = PBXBuildFile; fileRef = F438BE8326D14F31001F76F1 /* Helper.swift */; };
		F466F45B26D0CF0B00E624DA /* LoginController.swift in Sources */ = {isa = PBXBuildFile; fileRef = F466F45A26D0CF0B00E624DA /* LoginController.swift */; };
		F46A3A0E278068CF002B4E63 /* Alert.swift in Sources */ = {isa = PBXBuildFile; fileRef = F46A3A0D278068CF002B4E63 /* Alert.swift */; };
		F46B4C14279C17CA003E0D0D /* SelectedUser.swift in Sources */ = {isa = PBXBuildFile; fileRef = F46B4C13279C17CA003E0D0D /* SelectedUser.swift */; };
		F4D3E58A276F65DB0083D1D1 /* RegisterResponse.swift in Sources */ = {isa = PBXBuildFile; fileRef = F4D3E589276F65DB0083D1D1 /* RegisterResponse.swift */; };
		F4D3E58C276F78050083D1D1 /* LoginResponse.swift in Sources */ = {isa = PBXBuildFile; fileRef = F4D3E58B276F78050083D1D1 /* LoginResponse.swift */; };
		F4DABE1C27771BF8004CBC2C /* Support.swift in Sources */ = {isa = PBXBuildFile; fileRef = F4DABE1927771BF8004CBC2C /* Support.swift */; };
		F4DABE1D27771BF8004CBC2C /* UserListResponse.swift in Sources */ = {isa = PBXBuildFile; fileRef = F4DABE1A27771BF8004CBC2C /* UserListResponse.swift */; };
		F4DABE1E27771BF8004CBC2C /* UserListResponseData.swift in Sources */ = {isa = PBXBuildFile; fileRef = F4DABE1B27771BF8004CBC2C /* UserListResponseData.swift */; };
		F4DABE2027771C7F004CBC2C /* AppConst.swift in Sources */ = {isa = PBXBuildFile; fileRef = F4DABE1F27771C7F004CBC2C /* AppConst.swift */; };
/* End PBXBuildFile section */

/* Begin PBXFileReference section */
		92FA09D0EC2D146132295AFA /* Pods-Reqres App.debug.xcconfig */ = {isa = PBXFileReference; includeInIndex = 1; lastKnownFileType = text.xcconfig; name = "Pods-Reqres App.debug.xcconfig"; path = "Target Support Files/Pods-Reqres App/Pods-Reqres App.debug.xcconfig"; sourceTree = "<group>"; };
		9DEB1B30F08CB9D821524629 /* Pods_Reqres_App.framework */ = {isa = PBXFileReference; explicitFileType = wrapper.framework; includeInIndex = 0; path = Pods_Reqres_App.framework; sourceTree = BUILT_PRODUCTS_DIR; };
		F416D73E26C900FA00BDD354 /* Reqres App.app */ = {isa = PBXFileReference; explicitFileType = wrapper.application; includeInIndex = 0; path = "Reqres App.app"; sourceTree = BUILT_PRODUCTS_DIR; };
		F416D74126C900FA00BDD354 /* AppDelegate.swift */ = {isa = PBXFileReference; lastKnownFileType = sourcecode.swift; path = AppDelegate.swift; sourceTree = "<group>"; };
		F416D74326C900FA00BDD354 /* SceneDelegate.swift */ = {isa = PBXFileReference; lastKnownFileType = sourcecode.swift; path = SceneDelegate.swift; sourceTree = "<group>"; };
		F416D74826C900FA00BDD354 /* Base */ = {isa = PBXFileReference; lastKnownFileType = file.storyboard; name = Base; path = Base.lproj/Main.storyboard; sourceTree = "<group>"; };
		F416D74A26C900FB00BDD354 /* Assets.xcassets */ = {isa = PBXFileReference; lastKnownFileType = folder.assetcatalog; path = Assets.xcassets; sourceTree = "<group>"; };
		F416D74D26C900FB00BDD354 /* Base */ = {isa = PBXFileReference; lastKnownFileType = file.storyboard; name = Base; path = Base.lproj/LaunchScreen.storyboard; sourceTree = "<group>"; };
		F416D74F26C900FB00BDD354 /* Info.plist */ = {isa = PBXFileReference; lastKnownFileType = text.plist.xml; path = Info.plist; sourceTree = "<group>"; };
		F42A2E5927AE729300064052 /* WelcomeTableViewController.swift */ = {isa = PBXFileReference; lastKnownFileType = sourcecode.swift; path = WelcomeTableViewController.swift; sourceTree = "<group>"; };
		F42D1B9026D0F1F400B01019 /* AppToast.swift */ = {isa = PBXFileReference; lastKnownFileType = sourcecode.swift; path = AppToast.swift; sourceTree = "<group>"; };
		F42D1B9226D0FF4900B01019 /* CreateAccountController.swift */ = {isa = PBXFileReference; lastKnownFileType = sourcecode.swift; path = CreateAccountController.swift; sourceTree = "<group>"; };
		F42D1B9626D1083000B01019 /* UserInfoController.swift */ = {isa = PBXFileReference; lastKnownFileType = sourcecode.swift; path = UserInfoController.swift; sourceTree = "<group>"; };
		F438BE7D26D14E77001F76F1 /* UserListItemCell.swift */ = {isa = PBXFileReference; lastKnownFileType = sourcecode.swift; path = UserListItemCell.swift; sourceTree = "<group>"; };
		F438BE8326D14F31001F76F1 /* Helper.swift */ = {isa = PBXFileReference; fileEncoding = 4; lastKnownFileType = sourcecode.swift; path = Helper.swift; sourceTree = "<group>"; };
		F466F45A26D0CF0B00E624DA /* LoginController.swift */ = {isa = PBXFileReference; lastKnownFileType = sourcecode.swift; path = LoginController.swift; sourceTree = "<group>"; };
		F46A3A0D278068CF002B4E63 /* Alert.swift */ = {isa = PBXFileReference; fileEncoding = 4; lastKnownFileType = sourcecode.swift; path = Alert.swift; sourceTree = "<group>"; };
		F46B4C13279C17CA003E0D0D /* SelectedUser.swift */ = {isa = PBXFileReference; lastKnownFileType = sourcecode.swift; path = SelectedUser.swift; sourceTree = "<group>"; };
		F4D3E589276F65DB0083D1D1 /* RegisterResponse.swift */ = {isa = PBXFileReference; fileEncoding = 4; lastKnownFileType = sourcecode.swift; path = RegisterResponse.swift; sourceTree = "<group>"; };
		F4D3E58B276F78050083D1D1 /* LoginResponse.swift */ = {isa = PBXFileReference; fileEncoding = 4; lastKnownFileType = sourcecode.swift; path = LoginResponse.swift; sourceTree = "<group>"; };
		F4DABE1927771BF8004CBC2C /* Support.swift */ = {isa = PBXFileReference; fileEncoding = 4; lastKnownFileType = sourcecode.swift; path = Support.swift; sourceTree = "<group>"; };
		F4DABE1A27771BF8004CBC2C /* UserListResponse.swift */ = {isa = PBXFileReference; fileEncoding = 4; lastKnownFileType = sourcecode.swift; path = UserListResponse.swift; sourceTree = "<group>"; };
		F4DABE1B27771BF8004CBC2C /* UserListResponseData.swift */ = {isa = PBXFileReference; fileEncoding = 4; lastKnownFileType = sourcecode.swift; path = UserListResponseData.swift; sourceTree = "<group>"; };
		F4DABE1F27771C7F004CBC2C /* AppConst.swift */ = {isa = PBXFileReference; fileEncoding = 4; lastKnownFileType = sourcecode.swift; path = AppConst.swift; sourceTree = "<group>"; };
		F81B75F86DDE2E093368052A /* Pods-Reqres App.release.xcconfig */ = {isa = PBXFileReference; includeInIndex = 1; lastKnownFileType = text.xcconfig; name = "Pods-Reqres App.release.xcconfig"; path = "Target Support Files/Pods-Reqres App/Pods-Reqres App.release.xcconfig"; sourceTree = "<group>"; };
/* End PBXFileReference section */

/* Begin PBXFrameworksBuildPhase section */
		F416D73B26C900FA00BDD354 /* Frameworks */ = {
			isa = PBXFrameworksBuildPhase;
			buildActionMask = 2147483647;
			files = (
				B915285B77AC422EE39CEE9F /* Pods_Reqres_App.framework in Frameworks */,
			);
			runOnlyForDeploymentPostprocessing = 0;
		};
/* End PBXFrameworksBuildPhase section */

/* Begin PBXGroup section */
		1ED10234FB145EEEE670802A /* Frameworks */ = {
			isa = PBXGroup;
			children = (
				9DEB1B30F08CB9D821524629 /* Pods_Reqres_App.framework */,
			);
			name = Frameworks;
			sourceTree = "<group>";
		};
		80583B12CE28740780DD5882 /* Pods */ = {
			isa = PBXGroup;
			children = (
				92FA09D0EC2D146132295AFA /* Pods-Reqres App.debug.xcconfig */,
				F81B75F86DDE2E093368052A /* Pods-Reqres App.release.xcconfig */,
			);
			path = Pods;
			sourceTree = "<group>";
		};
		F414F33D26C91BCC000511CA /* ViewControllers */ = {
			isa = PBXGroup;
			children = (
				F466F45A26D0CF0B00E624DA /* LoginController.swift */,
				F42D1B9226D0FF4900B01019 /* CreateAccountController.swift */,
				F42D1B9626D1083000B01019 /* UserInfoController.swift */,
				F42A2E5927AE729300064052 /* WelcomeTableViewController.swift */,
			);
			path = ViewControllers;
			sourceTree = "<group>";
		};
		F416D73526C900FA00BDD354 = {
			isa = PBXGroup;
			children = (
				F416D74026C900FA00BDD354 /* Reqres App */,
				F416D73F26C900FA00BDD354 /* Products */,
				80583B12CE28740780DD5882 /* Pods */,
				1ED10234FB145EEEE670802A /* Frameworks */,
			);
			sourceTree = "<group>";
		};
		F416D73F26C900FA00BDD354 /* Products */ = {
			isa = PBXGroup;
			children = (
				F416D73E26C900FA00BDD354 /* Reqres App.app */,
			);
			name = Products;
			sourceTree = "<group>";
		};
		F416D74026C900FA00BDD354 /* Reqres App */ = {
			isa = PBXGroup;
			children = (
				F46FEE7D276F40B300B1825C /* Modal */,
				F438BE8226D14F27001F76F1 /* UIHelper */,
				F438BE7A26D14E5E001F76F1 /* ListItems */,
				F42D1B8F26D0F1CB00B01019 /* AppToastMessage */,
				F414F33D26C91BCC000511CA /* ViewControllers */,
				F416D74126C900FA00BDD354 /* AppDelegate.swift */,
				F416D74326C900FA00BDD354 /* SceneDelegate.swift */,
				F416D74726C900FA00BDD354 /* Main.storyboard */,
				F416D74A26C900FB00BDD354 /* Assets.xcassets */,
				F416D74C26C900FB00BDD354 /* LaunchScreen.storyboard */,
				F416D74F26C900FB00BDD354 /* Info.plist */,
			);
			path = "Reqres App";
			sourceTree = "<group>";
		};
		F42D1B8F26D0F1CB00B01019 /* AppToastMessage */ = {
			isa = PBXGroup;
			children = (
				F42D1B9026D0F1F400B01019 /* AppToast.swift */,
			);
			path = AppToastMessage;
			sourceTree = "<group>";
		};
		F438BE7A26D14E5E001F76F1 /* ListItems */ = {
			isa = PBXGroup;
			children = (
				F438BE7D26D14E77001F76F1 /* UserListItemCell.swift */,
			);
			path = ListItems;
			sourceTree = "<group>";
		};
		F438BE8226D14F27001F76F1 /* UIHelper */ = {
			isa = PBXGroup;
			children = (
				F46A3A0D278068CF002B4E63 /* Alert.swift */,
				F438BE8326D14F31001F76F1 /* Helper.swift */,
			);
			path = UIHelper;
			sourceTree = "<group>";
		};
		F46FEE7D276F40B300B1825C /* Modal */ = {
			isa = PBXGroup;
			children = (
				F4DABE1F27771C7F004CBC2C /* AppConst.swift */,
				F4DABE1827771BEA004CBC2C /* UserListResponse */,
				F4D3E58B276F78050083D1D1 /* LoginResponse.swift */,
				F4D3E589276F65DB0083D1D1 /* RegisterResponse.swift */,
				F46B4C13279C17CA003E0D0D /* SelectedUser.swift */,
			);
			path = Modal;
			sourceTree = "<group>";
		};
		F4DABE1827771BEA004CBC2C /* UserListResponse */ = {
			isa = PBXGroup;
			children = (
				F4DABE1B27771BF8004CBC2C /* UserListResponseData.swift */,
				F4DABE1A27771BF8004CBC2C /* UserListResponse.swift */,
				F4DABE1927771BF8004CBC2C /* Support.swift */,
			);
			path = UserListResponse;
			sourceTree = "<group>";
		};
/* End PBXGroup section */

/* Begin PBXNativeTarget section */
		F416D73D26C900FA00BDD354 /* Reqres App */ = {
			isa = PBXNativeTarget;
			buildConfigurationList = F416D75226C900FB00BDD354 /* Build configuration list for PBXNativeTarget "Reqres App" */;
			buildPhases = (
				1A4C574F5C230AF41313300D /* [CP] Check Pods Manifest.lock */,
				F416D73A26C900FA00BDD354 /* Sources */,
				F416D73B26C900FA00BDD354 /* Frameworks */,
				F416D73C26C900FA00BDD354 /* Resources */,
				1D5D24AB231BE544B6981856 /* [CP] Embed Pods Frameworks */,
			);
			buildRules = (
			);
			dependencies = (
			);
			name = "Reqres App";
			productName = "Reqres App";
			productReference = F416D73E26C900FA00BDD354 /* Reqres App.app */;
			productType = "com.apple.product-type.application";
		};
/* End PBXNativeTarget section */

/* Begin PBXProject section */
		F416D73626C900FA00BDD354 /* Project object */ = {
			isa = PBXProject;
			attributes = {
				LastSwiftUpdateCheck = 1250;
				LastUpgradeCheck = 1250;
				TargetAttributes = {
					F416D73D26C900FA00BDD354 = {
						CreatedOnToolsVersion = 12.5.1;
					};
				};
			};
			buildConfigurationList = F416D73926C900FA00BDD354 /* Build configuration list for PBXProject "Reqres App" */;
			compatibilityVersion = "Xcode 9.3";
			developmentRegion = en;
			hasScannedForEncodings = 0;
			knownRegions = (
				en,
				Base,
			);
			mainGroup = F416D73526C900FA00BDD354;
			productRefGroup = F416D73F26C900FA00BDD354 /* Products */;
			projectDirPath = "";
			projectRoot = "";
			targets = (
				F416D73D26C900FA00BDD354 /* Reqres App */,
			);
		};
/* End PBXProject section */

/* Begin PBXResourcesBuildPhase section */
		F416D73C26C900FA00BDD354 /* Resources */ = {
			isa = PBXResourcesBuildPhase;
			buildActionMask = 2147483647;
			files = (
				F416D74E26C900FB00BDD354 /* LaunchScreen.storyboard in Resources */,
				F416D74B26C900FB00BDD354 /* Assets.xcassets in Resources */,
				F416D74926C900FA00BDD354 /* Main.storyboard in Resources */,
			);
			runOnlyForDeploymentPostprocessing = 0;
		};
/* End PBXResourcesBuildPhase section */

/* Begin PBXShellScriptBuildPhase section */
		1A4C574F5C230AF41313300D /* [CP] Check Pods Manifest.lock */ = {
			isa = PBXShellScriptBuildPhase;
			buildActionMask = 2147483647;
			files = (
			);
			inputFileListPaths = (
			);
			inputPaths = (
				"${PODS_PODFILE_DIR_PATH}/Podfile.lock",
				"${PODS_ROOT}/Manifest.lock",
			);
			name = "[CP] Check Pods Manifest.lock";
			outputFileListPaths = (
			);
			outputPaths = (
				"$(DERIVED_FILE_DIR)/Pods-Reqres App-checkManifestLockResult.txt",
			);
			runOnlyForDeploymentPostprocessing = 0;
			shellPath = /bin/sh;
			shellScript = "diff \"${PODS_PODFILE_DIR_PATH}/Podfile.lock\" \"${PODS_ROOT}/Manifest.lock\" > /dev/null\nif [ $? != 0 ] ; then\n    # print error to STDERR\n    echo \"error: The sandbox is not in sync with the Podfile.lock. Run 'pod install' or update your CocoaPods installation.\" >&2\n    exit 1\nfi\n# This output is used by Xcode 'outputs' to avoid re-running this script phase.\necho \"SUCCESS\" > \"${SCRIPT_OUTPUT_FILE_0}\"\n";
			showEnvVarsInLog = 0;
		};
		1D5D24AB231BE544B6981856 /* [CP] Embed Pods Frameworks */ = {
			isa = PBXShellScriptBuildPhase;
			buildActionMask = 2147483647;
			files = (
			);
			inputFileListPaths = (
				"${PODS_ROOT}/Target Support Files/Pods-Reqres App/Pods-Reqres App-frameworks-${CONFIGURATION}-input-files.xcfilelist",
			);
			name = "[CP] Embed Pods Frameworks";
			outputFileListPaths = (
				"${PODS_ROOT}/Target Support Files/Pods-Reqres App/Pods-Reqres App-frameworks-${CONFIGURATION}-output-files.xcfilelist",
			);
			runOnlyForDeploymentPostprocessing = 0;
			shellPath = /bin/sh;
			shellScript = "\"${PODS_ROOT}/Target Support Files/Pods-Reqres App/Pods-Reqres App-frameworks.sh\"\n";
			showEnvVarsInLog = 0;
		};
/* End PBXShellScriptBuildPhase section */

/* Begin PBXSourcesBuildPhase section */
		F416D73A26C900FA00BDD354 /* Sources */ = {
			isa = PBXSourcesBuildPhase;
			buildActionMask = 2147483647;
			files = (
				F46B4C14279C17CA003E0D0D /* SelectedUser.swift in Sources */,
				F42A2E5A27AE729300064052 /* WelcomeTableViewController.swift in Sources */,
				F42D1B9126D0F1F400B01019 /* AppToast.swift in Sources */,
				F4D3E58A276F65DB0083D1D1 /* RegisterResponse.swift in Sources */,
				F42D1B9726D1083000B01019 /* UserInfoController.swift in Sources */,
				F46A3A0E278068CF002B4E63 /* Alert.swift in Sources */,
				F42D1B9326D0FF4900B01019 /* CreateAccountController.swift in Sources */,
				F416D74226C900FA00BDD354 /* AppDelegate.swift in Sources */,
				F4D3E58C276F78050083D1D1 /* LoginResponse.swift in Sources */,
				F4DABE1C27771BF8004CBC2C /* Support.swift in Sources */,
				F4DABE1D27771BF8004CBC2C /* UserListResponse.swift in Sources */,
				F466F45B26D0CF0B00E624DA /* LoginController.swift in Sources */,
				F438BE7E26D14E77001F76F1 /* UserListItemCell.swift in Sources */,
				F4DABE2027771C7F004CBC2C /* AppConst.swift in Sources */,
				F416D74426C900FA00BDD354 /* SceneDelegate.swift in Sources */,
				F438BE8426D14F31001F76F1 /* Helper.swift in Sources */,
				F4DABE1E27771BF8004CBC2C /* UserListResponseData.swift in Sources */,
			);
			runOnlyForDeploymentPostprocessing = 0;
		};
/* End PBXSourcesBuildPhase section */

/* Begin PBXVariantGroup section */
		F416D74726C900FA00BDD354 /* Main.storyboard */ = {
			isa = PBXVariantGroup;
			children = (
				F416D74826C900FA00BDD354 /* Base */,
			);
			name = Main.storyboard;
			sourceTree = "<group>";
		};
		F416D74C26C900FB00BDD354 /* LaunchScreen.storyboard */ = {
			isa = PBXVariantGroup;
			children = (
				F416D74D26C900FB00BDD354 /* Base */,
			);
			name = LaunchScreen.storyboard;
			sourceTree = "<group>";
		};
/* End PBXVariantGroup section */

/* Begin XCBuildConfiguration section */
		F416D75026C900FB00BDD354 /* Debug */ = {
			isa = XCBuildConfiguration;
			buildSettings = {
				ALWAYS_SEARCH_USER_PATHS = NO;
				CLANG_ANALYZER_NONNULL = YES;
				CLANG_ANALYZER_NUMBER_OBJECT_CONVERSION = YES_AGGRESSIVE;
				CLANG_CXX_LANGUAGE_STANDARD = "gnu++14";
				CLANG_CXX_LIBRARY = "libc++";
				CLANG_ENABLE_MODULES = YES;
				CLANG_ENABLE_OBJC_ARC = YES;
				CLANG_ENABLE_OBJC_WEAK = YES;
				CLANG_WARN_BLOCK_CAPTURE_AUTORELEASING = YES;
				CLANG_WARN_BOOL_CONVERSION = YES;
				CLANG_WARN_COMMA = YES;
				CLANG_WARN_CONSTANT_CONVERSION = YES;
				CLANG_WARN_DEPRECATED_OBJC_IMPLEMENTATIONS = YES;
				CLANG_WARN_DIRECT_OBJC_ISA_USAGE = YES_ERROR;
				CLANG_WARN_DOCUMENTATION_COMMENTS = YES;
				CLANG_WARN_EMPTY_BODY = YES;
				CLANG_WARN_ENUM_CONVERSION = YES;
				CLANG_WARN_INFINITE_RECURSION = YES;
				CLANG_WARN_INT_CONVERSION = YES;
				CLANG_WARN_NON_LITERAL_NULL_CONVERSION = YES;
				CLANG_WARN_OBJC_IMPLICIT_RETAIN_SELF = YES;
				CLANG_WARN_OBJC_LITERAL_CONVERSION = YES;
				CLANG_WARN_OBJC_ROOT_CLASS = YES_ERROR;
				CLANG_WARN_QUOTED_INCLUDE_IN_FRAMEWORK_HEADER = YES;
				CLANG_WARN_RANGE_LOOP_ANALYSIS = YES;
				CLANG_WARN_STRICT_PROTOTYPES = YES;
				CLANG_WARN_SUSPICIOUS_MOVE = YES;
				CLANG_WARN_UNGUARDED_AVAILABILITY = YES_AGGRESSIVE;
				CLANG_WARN_UNREACHABLE_CODE = YES;
				CLANG_WARN__DUPLICATE_METHOD_MATCH = YES;
				COPY_PHASE_STRIP = NO;
				DEBUG_INFORMATION_FORMAT = dwarf;
				ENABLE_STRICT_OBJC_MSGSEND = YES;
				ENABLE_TESTABILITY = YES;
				GCC_C_LANGUAGE_STANDARD = gnu11;
				GCC_DYNAMIC_NO_PIC = NO;
				GCC_NO_COMMON_BLOCKS = YES;
				GCC_OPTIMIZATION_LEVEL = 0;
				GCC_PREPROCESSOR_DEFINITIONS = (
					"DEBUG=1",
					"$(inherited)",
				);
				GCC_WARN_64_TO_32_BIT_CONVERSION = YES;
				GCC_WARN_ABOUT_RETURN_TYPE = YES_ERROR;
				GCC_WARN_UNDECLARED_SELECTOR = YES;
				GCC_WARN_UNINITIALIZED_AUTOS = YES_AGGRESSIVE;
				GCC_WARN_UNUSED_FUNCTION = YES;
				GCC_WARN_UNUSED_VARIABLE = YES;
				IPHONEOS_DEPLOYMENT_TARGET = 14.5;
				MTL_ENABLE_DEBUG_INFO = INCLUDE_SOURCE;
				MTL_FAST_MATH = YES;
				ONLY_ACTIVE_ARCH = YES;
				SDKROOT = iphoneos;
				SWIFT_ACTIVE_COMPILATION_CONDITIONS = DEBUG;
				SWIFT_OPTIMIZATION_LEVEL = "-Onone";
			};
			name = Debug;
		};
		F416D75126C900FB00BDD354 /* Release */ = {
			isa = XCBuildConfiguration;
			buildSettings = {
				ALWAYS_SEARCH_USER_PATHS = NO;
				CLANG_ANALYZER_NONNULL = YES;
				CLANG_ANALYZER_NUMBER_OBJECT_CONVERSION = YES_AGGRESSIVE;
				CLANG_CXX_LANGUAGE_STANDARD = "gnu++14";
				CLANG_CXX_LIBRARY = "libc++";
				CLANG_ENABLE_MODULES = YES;
				CLANG_ENABLE_OBJC_ARC = YES;
				CLANG_ENABLE_OBJC_WEAK = YES;
				CLANG_WARN_BLOCK_CAPTURE_AUTORELEASING = YES;
				CLANG_WARN_BOOL_CONVERSION = YES;
				CLANG_WARN_COMMA = YES;
				CLANG_WARN_CONSTANT_CONVERSION = YES;
				CLANG_WARN_DEPRECATED_OBJC_IMPLEMENTATIONS = YES;
				CLANG_WARN_DIRECT_OBJC_ISA_USAGE = YES_ERROR;
				CLANG_WARN_DOCUMENTATION_COMMENTS = YES;
				CLANG_WARN_EMPTY_BODY = YES;
				CLANG_WARN_ENUM_CONVERSION = YES;
				CLANG_WARN_INFINITE_RECURSION = YES;
				CLANG_WARN_INT_CONVERSION = YES;
				CLANG_WARN_NON_LITERAL_NULL_CONVERSION = YES;
				CLANG_WARN_OBJC_IMPLICIT_RETAIN_SELF = YES;
				CLANG_WARN_OBJC_LITERAL_CONVERSION = YES;
				CLANG_WARN_OBJC_ROOT_CLASS = YES_ERROR;
				CLANG_WARN_QUOTED_INCLUDE_IN_FRAMEWORK_HEADER = YES;
				CLANG_WARN_RANGE_LOOP_ANALYSIS = YES;
				CLANG_WARN_STRICT_PROTOTYPES = YES;
				CLANG_WARN_SUSPICIOUS_MOVE = YES;
				CLANG_WARN_UNGUARDED_AVAILABILITY = YES_AGGRESSIVE;
				CLANG_WARN_UNREACHABLE_CODE = YES;
				CLANG_WARN__DUPLICATE_METHOD_MATCH = YES;
				COPY_PHASE_STRIP = NO;
				DEBUG_INFORMATION_FORMAT = "dwarf-with-dsym";
				ENABLE_NS_ASSERTIONS = NO;
				ENABLE_STRICT_OBJC_MSGSEND = YES;
				GCC_C_LANGUAGE_STANDARD = gnu11;
				GCC_NO_COMMON_BLOCKS = YES;
				GCC_WARN_64_TO_32_BIT_CONVERSION = YES;
				GCC_WARN_ABOUT_RETURN_TYPE = YES_ERROR;
				GCC_WARN_UNDECLARED_SELECTOR = YES;
				GCC_WARN_UNINITIALIZED_AUTOS = YES_AGGRESSIVE;
				GCC_WARN_UNUSED_FUNCTION = YES;
				GCC_WARN_UNUSED_VARIABLE = YES;
				IPHONEOS_DEPLOYMENT_TARGET = 14.5;
				MTL_ENABLE_DEBUG_INFO = NO;
				MTL_FAST_MATH = YES;
				SDKROOT = iphoneos;
				SWIFT_COMPILATION_MODE = wholemodule;
				SWIFT_OPTIMIZATION_LEVEL = "-O";
				VALIDATE_PRODUCT = YES;
			};
			name = Release;
		};
		F416D75326C900FB00BDD354 /* Debug */ = {
			isa = XCBuildConfiguration;
			baseConfigurationReference = 92FA09D0EC2D146132295AFA /* Pods-Reqres App.debug.xcconfig */;
			buildSettings = {
				ASSETCATALOG_COMPILER_APPICON_NAME = AppIcon;
				ASSETCATALOG_COMPILER_GLOBAL_ACCENT_COLOR_NAME = AccentColor;
				CODE_SIGN_STYLE = Automatic;
				INFOPLIST_FILE = "Reqres App/Info.plist";
				LD_RUNPATH_SEARCH_PATHS = (
					"$(inherited)",
					"@executable_path/Frameworks",
				);
				PRODUCT_BUNDLE_IDENTIFIER = "com.girish.reqresapp.Reqres-App";
				PRODUCT_NAME = "$(TARGET_NAME)";
				SWIFT_VERSION = 5.0;
				TARGETED_DEVICE_FAMILY = "1,2";
			};
			name = Debug;
		};
		F416D75426C900FB00BDD354 /* Release */ = {
			isa = XCBuildConfiguration;
			baseConfigurationReference = F81B75F86DDE2E093368052A /* Pods-Reqres App.release.xcconfig */;
			buildSettings = {
				ASSETCATALOG_COMPILER_APPICON_NAME = AppIcon;
				ASSETCATALOG_COMPILER_GLOBAL_ACCENT_COLOR_NAME = AccentColor;
				CODE_SIGN_STYLE = Automatic;
				INFOPLIST_FILE = "Reqres App/Info.plist";
				LD_RUNPATH_SEARCH_PATHS = (
					"$(inherited)",
					"@executable_path/Frameworks",
				);
				PRODUCT_BUNDLE_IDENTIFIER = "com.girish.reqresapp.Reqres-App";
				PRODUCT_NAME = "$(TARGET_NAME)";
				SWIFT_VERSION = 5.0;
				TARGETED_DEVICE_FAMILY = "1,2";
			};
			name = Release;
		};
/* End XCBuildConfiguration section */

/* Begin XCConfigurationList section */
		F416D73926C900FA00BDD354 /* Build configuration list for PBXProject "Reqres App" */ = {
			isa = XCConfigurationList;
			buildConfigurations = (
				F416D75026C900FB00BDD354 /* Debug */,
				F416D75126C900FB00BDD354 /* Release */,
			);
			defaultConfigurationIsVisible = 0;
			defaultConfigurationName = Release;
		};
		F416D75226C900FB00BDD354 /* Build configuration list for PBXNativeTarget "Reqres App" */ = {
			isa = XCConfigurationList;
			buildConfigurations = (
				F416D75326C900FB00BDD354 /* Debug */,
				F416D75426C900FB00BDD354 /* Release */,
			);
			defaultConfigurationIsVisible = 0;
			defaultConfigurationName = Release;
		};
/* End XCConfigurationList section */
	};
	rootObject = F416D73626C900FA00BDD354 /* Project object */;
}
